{
    "_meta": {
        "hash": {
            "sha256": "0a4dc10ef89b3496b6fdd5c87edc3be19f854ceee12bf1c9d86e2f08ccd9c7c5"
        },
        "pipfile-spec": 6,
        "requires": {
            "python_version": "3.7"
        },
        "sources": [
            {
                "name": "pypi",
                "url": "https://pypi.org/simple",
                "verify_ssl": true
            }
        ]
    },
    "default": {
        "hazelcast": {
            "hashes": [
                "sha256:28a206cda3b2badf2e8b3a66d370906b6bc6e36183c838d92f64026b1a0ee206",
                "sha256:6ead02d2a9dda1803d1e2e050e54a5c65b91fc504b4138484dd3837da3b51066"
            ],
            "index": "pypi",
            "version": "==0.1.0"
        },
        "hazelcast-python-client": {
            "hashes": [
                "sha256:b5288b737d9eac724a33ad8eda5b51b8f383d426f7e25ecb1f79325196f91425",
                "sha256:b8b36134912204f97a47448f01df975d7c329a5a835f86b9efa42840bdd5c30a"
            ],
            "index": "pypi",
            "version": "==5.0.1"
        }
    },
    "develop": {}
}
